{
  "version": 4,
  "terraform_version": "1.15.2",
  "serial": 35,
  "lineage": "1cda5d9a-dd53-5f6d-d9f2-09175dc52bd5",
  "outputs": {
    "test_wxm_bastion_public_ip": {
      "value": "35.181.7.252",
      "type": "string"
    },
    "test_wxm_ssh_bastion": {
      "value": "ssh -i ~/.ssh/tp-key-bastion-2 ubuntu@35.181.7.252",
      "type": "string"
    }
  },
  "resources": [
    {
      "mode": "data",
      "type": "aws_internet_gateway",
      "name": "test_wxm_existing_igw",
      "provider": "provider[\"registry.terraform.io/hashicorp/aws\"]",
      "instances": [
        {
          "schema_version": 0,
          "attributes": {
            "arn": "arn:aws:ec2:eu-west-3:747082607185:internet-gateway/igw-06d61463409eb8f84",
            "attachments": [
              {
                "state": "available",
                "vpc_id": "vpc-0ebcdb39f7a526ef9"
              }
            ],
            "filter": [
              {
                "name": "attachment.vpc-id",
                "values": [
                  "vpc-0ebcdb39f7a526ef9"
                ]
              }
            ],
            "id": "igw-06d61463409eb8f84",
            "internet_gateway_id": "igw-06d61463409eb8f84",
            "owner_id": "747082607185",
            "region": "eu-west-3",
            "tags": {
              "Name": "boris-gateway"
            },
            "timeouts": null
          },
          "sensitive_attributes": [],
          "identity_schema_version": 0
        }
      ]
    },
    {
      "mode": "managed",
      "type": "aws_instance",
      "name": "test_wxm_bastion",
      "provider": "provider[\"registry.terraform.io/hashicorp/aws\"]",
      "instances": [
        {
          "schema_version": 2,
          "attributes": {
            "ami": "ami-0e207c18bb303cc68",
            "arn": "arn:aws:ec2:eu-west-3:747082607185:instance/i-0070ddc8c21d9a262",
            "associate_public_ip_address": true,
            "availability_zone": "eu-west-3a",
            "capacity_reservation_specification": [
              {
                "capacity_reservation_preference": "open",
                "capacity_reservation_target": []
              }
            ],
            "cpu_options": [
              {
                "amd_sev_snp": "",
                "core_count": 1,
                "nested_virtualization": "",
                "threads_per_core": 1
              }
            ],
            "credit_specification": [
              {
                "cpu_credits": "standard"
              }
            ],
            "disable_api_stop": false,
            "disable_api_termination": false,
            "ebs_block_device": [],
            "ebs_optimized": false,
            "enable_primary_ipv6": null,
            "enclave_options": [
              {
                "enabled": false
              }
            ],
            "ephemeral_block_device": [],
            "force_destroy": false,
            "get_password_data": false,
            "hibernation": false,
            "host_id": "",
            "host_resource_group_arn": null,
            "iam_instance_profile": "",
            "id": "i-0070ddc8c21d9a262",
            "instance_initiated_shutdown_behavior": "stop",
            "instance_lifecycle": "",
            "instance_market_options": [],
            "instance_state": "running",
            "instance_type": "t2.micro",
            "ipv6_address_count": 0,
            "ipv6_addresses": [],
            "key_name": "test_wxm-key-bastion",
            "launch_template": [],
            "maintenance_options": [
              {
                "auto_recovery": "default"
              }
            ],
            "metadata_options": [
              {
                "http_endpoint": "enabled",
                "http_protocol_ipv6": "disabled",
                "http_put_response_hop_limit": 2,
                "http_tokens": "required",
                "instance_metadata_tags": "disabled"
              }
            ],
            "monitoring": false,
            "network_interface": [],
            "outpost_arn": "",
            "password_data": "",
            "placement_group": "",
            "placement_group_id": "",
            "placement_partition_number": 0,
            "primary_network_interface": [
              {
                "delete_on_termination": true,
                "network_interface_id": "eni-02157ab1ab8682a14"
              }
            ],
            "primary_network_interface_id": "eni-02157ab1ab8682a14",
            "private_dns": "ip-172-31-50-125.eu-west-3.compute.internal",
            "private_dns_name_options": [
              {
                "enable_resource_name_dns_a_record": false,
                "enable_resource_name_dns_aaaa_record": false,
                "hostname_type": "ip-name"
              }
            ],
            "private_ip": "172.31.50.125",
            "public_dns": "ec2-35-181-7-252.eu-west-3.compute.amazonaws.com",
            "public_ip": "35.181.7.252",
            "region": "eu-west-3",
            "root_block_device": [
              {
                "delete_on_termination": true,
                "device_name": "/dev/sda1",
                "encrypted": false,
                "iops": 3000,
                "kms_key_id": "",
                "tags": null,
                "tags_all": {},
                "throughput": 125,
                "volume_id": "vol-0600579fa6ed4b044",
                "volume_size": 20,
                "volume_type": "gp3"
              }
            ],
            "secondary_network_interface": [],
            "secondary_private_ips": [],
            "security_groups": [
              "test_wxm-sg"
            ],
            "source_dest_check": true,
            "spot_instance_request_id": "",
            "subnet_id": "subnet-0908d304fcdc8887c",
            "tags": {
              "Name": "test_wxm-bastion"
            },
            "tags_all": {
              "Name": "test_wxm-bastion"
            },
            "tenancy": "default",
            "timeouts": null,
            "user_data": null,
            "user_data_base64": null,
            "user_data_replace_on_change": false,
            "volume_tags": null,
            "vpc_security_group_ids": [
              "sg-0e7f17f3f5721877b"
            ]
          },
          "sensitive_attributes": [],
          "identity_schema_version": 0,
          "identity": {
            "account_id": "747082607185",
            "id": "i-0070ddc8c21d9a262",
            "region": "eu-west-3"
          },
          "private": "eyJlMmJmYjczMC1lY2FhLTExZTYtOGY4OC0zNDM2M2JjN2M0YzAiOnsiY3JlYXRlIjo2MDAwMDAwMDAwMDAsImRlbGV0ZSI6MTIwMDAwMDAwMDAwMCwicmVhZCI6OTAwMDAwMDAwMDAwLCJ1cGRhdGUiOjYwMDAwMDAwMDAwMH0sInNjaGVtYV92ZXJzaW9uIjoiMiJ9",
          "dependencies": [
            "aws_key_pair.test_wxm_bastion_key",
            "aws_route_table.test_wxm_public_rt",
            "aws_route_table_association.test_wxm_public_assoc",
            "aws_security_group.test_wxm_sg_bastion",
            "aws_subnet.test_wxm_subnets",
            "data.aws_internet_gateway.test_wxm_existing_igw"
          ]
        }
      ]
    },
    {
      "mode": "managed",
      "type": "aws_key_pair",
      "name": "test_wxm_bastion_key",
      "provider": "provider[\"registry.terraform.io/hashicorp/aws\"]",
      "instances": [
        {
          "schema_version": 1,
          "attributes": {
            "arn": "arn:aws:ec2:eu-west-3:747082607185:key-pair/test_wxm-key-bastion",
            "fingerprint": "99:25:10:c9:d7:15:d5:2a:cb:68:5f:58:af:e0:92:be",
            "id": "test_wxm-key-bastion",
            "key_name": "test_wxm-key-bastion",
            "key_name_prefix": "",
            "key_pair_id": "key-0a06ac1a242dd7675",
            "key_type": "rsa",
            "public_key": "ssh-rsa AAAAB3NzaC1yc2EAAAADAQABAAACAQCWwKKZ517/VawcwGn0WQStQM7DExd/W34RrnQGSM+dFEVnta+L6Y0/OwB8x4mSr68zWw8zt3lPi9aggUypqDbeVhroFGCabe0EuYzXLhBmwRZ8VsHG5chyNtQ2OBSyjS4ABhPmHDD9GbJ5+8jUaLqXOXqmhD95tEFG64bK4cKX4oFkjuCOOAIg8ZMbksh5udYRfWHGtsakQ0pKca/Sv6soYG/ttSRO3PV9DQpC5HkgIf+kb4dK9sbjtNaH0EnDU9VUqMQHFjuioE1dl1RAxHVc124cFQ0HN6D5mfebdjBmgmd8SB6uH2lsu2H0lKjTo1lEKYzldj0pLZ6j361WpjTQobQA9vmo+JX7dx66xI5yzC+6NXltCbIZ2PxA8rhvQ7D4tXkv+U23ylg/MJXlPcD4/+55rSPNkT2BqcPvx05AOuBYnkQks/IVpdEmHTUIOZ/De+0ffQyJAGxBNhi6ZKnPcylySC96Oy4YZYS2eYy4fmLjyush5t6yTXYcAHM8kOXLMA/VLb9uulSA4mC5mlfvCxc1zxJK/iQpPlQuG8PHfWmAQ9IFrh0I+xKYCusOrd8TXWX8ETTwPDVPX2jUxp8bHQAHSQBcqtdHXc7t4Vfh5PQh/KF+wgNPqUhToRLh8Vaw7RRJO5EZ4SoaL09ptsqvU17YBN8unDLllvaxLUkOAw== ubexg@ubuntu",
            "region": "eu-west-3",
            "tags": null,
            "tags_all": {}
          },
          "sensitive_attributes": [],
          "identity_schema_version": 0,
          "private": "eyJzY2hlbWFfdmVyc2lvbiI6IjEifQ=="
        }
      ]
    },
    {
      "mode": "managed",
      "type": "aws_network_acl",
      "name": "test_wxm_nacl",
      "provider": "provider[\"registry.terraform.io/hashicorp/aws\"]",
      "instances": [
        {
          "schema_version": 0,
          "attributes": {
            "arn": "arn:aws:ec2:eu-west-3:747082607185:network-acl/acl-06f72b2431214ca19",
            "egress": [
              {
                "action": "allow",
                "cidr_block": "0.0.0.0/0",
                "from_port": 1024,
                "icmp_code": null,
                "icmp_type": null,
                "ipv6_cidr_block": "",
                "protocol": "tcp",
                "rule_no": 230,
                "to_port": 65535
              },
              {
                "action": "allow",
                "cidr_block": "0.0.0.0/0",
                "from_port": 443,
                "icmp_code": null,
                "icmp_type": null,
                "ipv6_cidr_block": "",
                "protocol": "tcp",
                "rule_no": 210,
                "to_port": 443
              },
              {
                "action": "allow",
                "cidr_block": "0.0.0.0/0",
                "from_port": 53,
                "icmp_code": null,
                "icmp_type": null,
                "ipv6_cidr_block": "",
                "protocol": "tcp",
                "rule_no": 221,
                "to_port": 53
              },
              {
                "action": "allow",
                "cidr_block": "0.0.0.0/0",
                "from_port": 53,
                "icmp_code": null,
                "icmp_type": null,
                "ipv6_cidr_block": "",
                "protocol": "udp",
                "rule_no": 220,
                "to_port": 53
              },
              {
                "action": "allow",
                "cidr_block": "0.0.0.0/0",
                "from_port": 80,
                "icmp_code": null,
                "icmp_type": null,
                "ipv6_cidr_block": "",
                "protocol": "tcp",
                "rule_no": 200,
                "to_port": 80
              }
            ],
            "id": "acl-06f72b2431214ca19",
            "ingress": [
              {
                "action": "allow",
                "cidr_block": "0.0.0.0/0",
                "from_port": 0,
                "icmp_code": -1,
                "icmp_type": -1,
                "ipv6_cidr_block": "",
                "protocol": "icmp",
                "rule_no": 130,
                "to_port": 0
              },
              {
                "action": "allow",
                "cidr_block": "0.0.0.0/0",
                "from_port": 1024,
                "icmp_code": null,
                "icmp_type": null,
                "ipv6_cidr_block": "",
                "protocol": "tcp",
                "rule_no": 110,
                "to_port": 65535
              },
              {
                "action": "allow",
                "cidr_block": "0.0.0.0/0",
                "from_port": 1024,
                "icmp_code": null,
                "icmp_type": null,
                "ipv6_cidr_block": "",
                "protocol": "tcp",
                "rule_no": 121,
                "to_port": 65535
              },
              {
                "action": "allow",
                "cidr_block": "0.0.0.0/0",
                "from_port": 1024,
                "icmp_code": null,
                "icmp_type": null,
                "ipv6_cidr_block": "",
                "protocol": "udp",
                "rule_no": 120,
                "to_port": 65535
              },
              {
                "action": "allow",
                "cidr_block": "0.0.0.0/0",
                "from_port": 22,
                "icmp_code": null,
                "icmp_type": null,
                "ipv6_cidr_block": "",
                "protocol": "tcp",
                "rule_no": 100,
                "to_port": 22
              }
            ],
            "owner_id": "747082607185",
            "region": "eu-west-3",
            "subnet_ids": [
              "subnet-0908d304fcdc8887c"
            ],
            "tags": {
              "Name": "test_wxm-nacl"
            },
            "tags_all": {
              "Name": "test_wxm-nacl"
            },
            "vpc_id": "vpc-0ebcdb39f7a526ef9"
          },
          "sensitive_attributes": [],
          "identity_schema_version": 0,
          "private": "bnVsbA==",
          "dependencies": [
            "aws_subnet.test_wxm_subnets"
          ]
        }
      ]
    },
    {
      "mode": "managed",
      "type": "aws_route_table",
      "name": "test_wxm_public_rt",
      "provider": "provider[\"registry.terraform.io/hashicorp/aws\"]",
      "instances": [
        {
          "schema_version": 0,
          "attributes": {
            "arn": "arn:aws:ec2:eu-west-3:747082607185:route-table/rtb-0308bbc24fe85d838",
            "id": "rtb-0308bbc24fe85d838",
            "owner_id": "747082607185",
            "propagating_vgws": [],
            "region": "eu-west-3",
            "route": [
              {
                "carrier_gateway_id": "",
                "cidr_block": "0.0.0.0/0",
                "core_network_arn": "",
                "destination_prefix_list_id": "",
                "egress_only_gateway_id": "",
                "gateway_id": "igw-06d61463409eb8f84",
                "ipv6_cidr_block": "",
                "local_gateway_id": "",
                "nat_gateway_id": "",
                "network_interface_id": "",
                "odb_network_arn": "",
                "transit_gateway_id": "",
                "vpc_endpoint_id": "",
                "vpc_peering_connection_id": ""
              }
            ],
            "tags": {
              "Name": "test_wxm-public-rt"
            },
            "tags_all": {
              "Name": "test_wxm-public-rt"
            },
            "timeouts": null,
            "vpc_id": "vpc-0ebcdb39f7a526ef9"
          },
          "sensitive_attributes": [],
          "identity_schema_version": 0,
          "identity": {
            "account_id": "747082607185",
            "id": "rtb-0308bbc24fe85d838",
            "region": "eu-west-3"
          },
          "private": "eyJlMmJmYjczMC1lY2FhLTExZTYtOGY4OC0zNDM2M2JjN2M0YzAiOnsiY3JlYXRlIjozMDAwMDAwMDAwMDAsImRlbGV0ZSI6MzAwMDAwMDAwMDAwLCJ1cGRhdGUiOjEyMDAwMDAwMDAwMH19",
          "dependencies": [
            "data.aws_internet_gateway.test_wxm_existing_igw"
          ]
        }
      ]
    },
    {
      "mode": "managed",
      "type": "aws_route_table_association",
      "name": "test_wxm_public_assoc",
      "provider": "provider[\"registry.terraform.io/hashicorp/aws\"]",
      "instances": [
        {
          "schema_version": 0,
          "attributes": {
            "gateway_id": "",
            "id": "rtbassoc-0fbbf30bc9bf43903",
            "region": "eu-west-3",
            "route_table_id": "rtb-0308bbc24fe85d838",
            "subnet_id": "subnet-0908d304fcdc8887c",
            "timeouts": null
          },
          "sensitive_attributes": [],
          "identity_schema_version": 0,
          "identity": {
            "account_id": "747082607185",
            "id": "rtbassoc-0fbbf30bc9bf43903",
            "region": "eu-west-3"
          },
          "private": "eyJlMmJmYjczMC1lY2FhLTExZTYtOGY4OC0zNDM2M2JjN2M0YzAiOnsiY3JlYXRlIjozMDAwMDAwMDAwMDAsImRlbGV0ZSI6MzAwMDAwMDAwMDAwLCJ1cGRhdGUiOjEyMDAwMDAwMDAwMH19",
          "dependencies": [
            "aws_route_table.test_wxm_public_rt",
            "aws_subnet.test_wxm_subnets",
            "data.aws_internet_gateway.test_wxm_existing_igw"
          ]
        }
      ]
    },
    {
      "mode": "managed",
      "type": "aws_security_group",
      "name": "test_wxm_sg_bastion",
      "provider": "provider[\"registry.terraform.io/hashicorp/aws\"]",
      "instances": [
        {
          "schema_version": 1,
          "attributes": {
            "arn": "arn:aws:ec2:eu-west-3:747082607185:security-group/sg-0e7f17f3f5721877b",
            "description": "Managed by Terraform",
            "egress": [],
            "id": "sg-0e7f17f3f5721877b",
            "ingress": [],
            "name": "test_wxm-sg",
            "name_prefix": "",
            "owner_id": "747082607185",
            "region": "eu-west-3",
            "revoke_rules_on_delete": false,
            "tags": {
              "Name": "test_wxm-sg"
            },
            "tags_all": {
              "Name": "test_wxm-sg"
            },
            "timeouts": null,
            "vpc_id": "vpc-0ebcdb39f7a526ef9"
          },
          "sensitive_attributes": [],
          "identity_schema_version": 0,
          "identity": {
            "account_id": "747082607185",
            "id": "sg-0e7f17f3f5721877b",
            "region": "eu-west-3"
          },
          "private": "eyJlMmJmYjczMC1lY2FhLTExZTYtOGY4OC0zNDM2M2JjN2M0YzAiOnsiY3JlYXRlIjo2MDAwMDAwMDAwMDAsImRlbGV0ZSI6OTAwMDAwMDAwMDAwfSwic2NoZW1hX3ZlcnNpb24iOiIxIn0="
        }
      ]
    },
    {
      "mode": "managed",
      "type": "aws_security_group_rule",
      "name": "test_wxm_bastion_egress_all",
      "provider": "provider[\"registry.terraform.io/hashicorp/aws\"]",
      "instances": [
        {
          "schema_version": 2,
          "attributes": {
            "cidr_blocks": [
              "0.0.0.0/0"
            ],
            "description": null,
            "from_port": 0,
            "id": "sgrule-3554700252",
            "ipv6_cidr_blocks": null,
            "prefix_list_ids": null,
            "protocol": "-1",
            "region": "eu-west-3",
            "security_group_id": "sg-0e7f17f3f5721877b",
            "security_group_rule_id": "sgr-094624ed4128df743",
            "self": false,
            "source_security_group_id": null,
            "timeouts": null,
            "to_port": 0,
            "type": "egress"
          },
          "sensitive_attributes": [],
          "identity_schema_version": 0,
          "private": "eyJlMmJmYjczMC1lY2FhLTExZTYtOGY4OC0zNDM2M2JjN2M0YzAiOnsiY3JlYXRlIjozMDAwMDAwMDAwMDB9LCJzY2hlbWFfdmVyc2lvbiI6IjIifQ==",
          "dependencies": [
            "aws_security_group.test_wxm_sg_bastion"
          ]
        }
      ]
    },
    {
      "mode": "managed",
      "type": "aws_security_group_rule",
      "name": "test_wxm_bastion_ingress_ssh",
      "provider": "provider[\"registry.terraform.io/hashicorp/aws\"]",
      "instances": [
        {
          "schema_version": 2,
          "attributes": {
            "cidr_blocks": [
              "0.0.0.0/0"
            ],
            "description": null,
            "from_port": 22,
            "id": "sgrule-1297841353",
            "ipv6_cidr_blocks": null,
            "prefix_list_ids": null,
            "protocol": "tcp",
            "region": "eu-west-3",
            "security_group_id": "sg-0e7f17f3f5721877b",
            "security_group_rule_id": "sgr-0676c1ba3d49d8997",
            "self": false,
            "source_security_group_id": null,
            "timeouts": null,
            "to_port": 22,
            "type": "ingress"
          },
          "sensitive_attributes": [],
          "identity_schema_version": 0,
          "private": "eyJlMmJmYjczMC1lY2FhLTExZTYtOGY4OC0zNDM2M2JjN2M0YzAiOnsiY3JlYXRlIjozMDAwMDAwMDAwMDB9LCJzY2hlbWFfdmVyc2lvbiI6IjIifQ==",
          "dependencies": [
            "aws_security_group.test_wxm_sg_bastion"
          ]
        }
      ]
    },
    {
      "mode": "managed",
      "type": "aws_subnet",
      "name": "test_wxm_subnets",
      "provider": "provider[\"registry.terraform.io/hashicorp/aws\"]",
      "instances": [
        {
          "index_key": "private",
          "schema_version": 1,
          "attributes": {
            "arn": "arn:aws:ec2:eu-west-3:747082607185:subnet/subnet-0a7603f1c4ba30428",
            "assign_ipv6_address_on_creation": false,
            "availability_zone": "eu-west-3a",
            "availability_zone_id": "euw3-az1",
            "cidr_block": "172.31.60.0/24",
            "customer_owned_ipv4_pool": "",
            "enable_dns64": false,
            "enable_lni_at_device_index": 0,
            "enable_resource_name_dns_a_record_on_launch": false,
            "enable_resource_name_dns_aaaa_record_on_launch": false,
            "id": "subnet-0a7603f1c4ba30428",
            "ipv4_ipam_pool_id": null,
            "ipv4_netmask_length": null,
            "ipv6_cidr_block": "",
            "ipv6_cidr_block_association_id": "",
            "ipv6_ipam_pool_id": null,
            "ipv6_native": false,
            "ipv6_netmask_length": null,
            "map_customer_owned_ip_on_launch": false,
            "map_public_ip_on_launch": false,
            "outpost_arn": "",
            "owner_id": "747082607185",
            "private_dns_hostname_type_on_launch": "ip-name",
            "region": "eu-west-3",
            "tags": {
              "Name": "test_wxm-subnet-private"
            },
            "tags_all": {
              "Name": "test_wxm-subnet-private"
            },
            "timeouts": null,
            "vpc_id": "vpc-0ebcdb39f7a526ef9"
          },
          "sensitive_attributes": [],
          "identity_schema_version": 0,
          "identity": {
            "account_id": "747082607185",
            "id": "subnet-0a7603f1c4ba30428",
            "region": "eu-west-3"
          },
          "private": "eyJlMmJmYjczMC1lY2FhLTExZTYtOGY4OC0zNDM2M2JjN2M0YzAiOnsiY3JlYXRlIjo2MDAwMDAwMDAwMDAsImRlbGV0ZSI6MTIwMDAwMDAwMDAwMH0sInNjaGVtYV92ZXJzaW9uIjoiMSJ9"
        },
        {
          "index_key": "public",
          "schema_version": 1,
          "attributes": {
            "arn": "arn:aws:ec2:eu-west-3:747082607185:subnet/subnet-0908d304fcdc8887c",
            "assign_ipv6_address_on_creation": false,
            "availability_zone": "eu-west-3a",
            "availability_zone_id": "euw3-az1",
            "cidr_block": "172.31.50.0/24",
            "customer_owned_ipv4_pool": "",
            "enable_dns64": false,
            "enable_lni_at_device_index": 0,
            "enable_resource_name_dns_a_record_on_launch": false,
            "enable_resource_name_dns_aaaa_record_on_launch": false,
            "id": "subnet-0908d304fcdc8887c",
            "ipv4_ipam_pool_id": null,
            "ipv4_netmask_length": null,
            "ipv6_cidr_block": "",
            "ipv6_cidr_block_association_id": "",
            "ipv6_ipam_pool_id": null,
            "ipv6_native": false,
            "ipv6_netmask_length": null,
            "map_customer_owned_ip_on_launch": false,
            "map_public_ip_on_launch": true,
            "outpost_arn": "",
            "owner_id": "747082607185",
            "private_dns_hostname_type_on_launch": "ip-name",
            "region": "eu-west-3",
            "tags": {
              "Name": "test_wxm-subnet-public"
            },
            "tags_all": {
              "Name": "test_wxm-subnet-public"
            },
            "timeouts": null,
            "vpc_id": "vpc-0ebcdb39f7a526ef9"
          },
          "sensitive_attributes": [],
          "identity_schema_version": 0,
          "identity": {
            "account_id": "747082607185",
            "id": "subnet-0908d304fcdc8887c",
            "region": "eu-west-3"
          },
          "private": "eyJlMmJmYjczMC1lY2FhLTExZTYtOGY4OC0zNDM2M2JjN2M0YzAiOnsiY3JlYXRlIjo2MDAwMDAwMDAwMDAsImRlbGV0ZSI6MTIwMDAwMDAwMDAwMH0sInNjaGVtYV92ZXJzaW9uIjoiMSJ9"
        }
      ]
    }
  ],
  "check_results": null
}
